# This file is autogenerated, do not edit; changes may be undone by the next 'dep ensure'.


[[projects]]
  branch = "master"
  name = "github.com/EvilSuperstars/go-cidrman"
  packages = ["."]
  revision = "4e5a4a63d9b78757b4891b8de60be2606d8972ee"

[solve-meta]
  analyzer-name = "dep"
  analyzer-version = 1
  inputs-digest = "b27467e93559eef32d67d1c6461db3ecb54ea50f29234f25c027efdc1a625c39"
  solver-name = "gps-cdcl"
  solver-version = 1
